
Microsoft Visual Studio Solution File, Format Version 12.00
# Visual Studio Version 17
VisualStudioVersion = 17.1.32319.34
MinimumVisualStudioVersion = 10.0.40219.1
Project("{FAE04EC0-301F-11D3-BF4B-00C04F79EFBC}") = "HospitalHm", "HospitalHm\HospitalHm.csproj", "{A03A2055-D5D5-4836-8224-9C0B50D8DE81}"
EndProject
Global
	GlobalSection(SolutionConfigurationPlatforms) = preSolution
		Debug|Any CPU = Debug|Any CPU
		Release|Any CPU = Release|Any CPU
	EndGlobalSection
	GlobalSection(ProjectConfigurationPlatforms) = postSolution
		{A03A2055-D5D5-4836-8224-9C0B50D8DE81}.Debug|Any CPU.ActiveCfg = Debug|Any CPU
		{A03A2055-D5D5-4836-8224-9C0B50D8DE81}.Debug|Any CPU.Build.0 = Debug|Any CPU
		{A03A2055-D5D5-4836-8224-9C0B50D8DE81}.Release|Any CPU.ActiveCfg = Release|Any CPU
		{A03A2055-D5D5-4836-8224-9C0B50D8DE81}.Release|Any CPU.Build.0 = Release|Any CPU
	EndGlobalSection
	GlobalSection(SolutionProperties) = preSolution
		HideSolutionNode = FALSE
	EndGlobalSection
	GlobalSection(ExtensibilityGlobals) = postSolution
		SolutionGuid = {5D294860-BABB-4ECE-B165-0A8B28B7D2C4}
	EndGlobalSection
EndGlobal
